
Microsoft Visual Studio Solution File, Format Version 12.00
# Visual Studio Version 16
VisualStudioVersion = 16.0.31205.134
MinimumVisualStudioVersion = 10.0.40219.1
Project("{8BC9CEB8-8B4A-11D0-8D11-00A0C91BC942}") = "VirusEasy", "VirusEasy\VirusEasy.vcxproj", "{8795552E-90F2-40D2-BAF1-D0893914E51F}"
EndProject
Global
	GlobalSection(SolutionConfigurationPlatforms) = preSolution
		Debug|x64 = Debug|x64
		Debug|x86 = Debug|x86
		Release|x64 = Release|x64
		Release|x86 = Release|x86
	EndGlobalSection
	GlobalSection(ProjectConfigurationPlatforms) = postSolution
		{8795552E-90F2-40D2-BAF1-D0893914E51F}.Debug|x64.ActiveCfg = Debug|x64
		{8795552E-90F2-40D2-BAF1-D0893914E51F}.Debug|x64.Build.0 = Debug|x64
		{8795552E-90F2-40D2-BAF1-D0893914E51F}.Debug|x86.ActiveCfg = Debug|Win32
		{8795552E-90F2-40D2-BAF1-D0893914E51F}.Debug|x86.Build.0 = Debug|Win32
		{8795552E-90F2-40D2-BAF1-D0893914E51F}.Release|x64.ActiveCfg = Release|x64
		{8795552E-90F2-40D2-BAF1-D0893914E51F}.Release|x64.Build.0 = Release|x64
		{8795552E-90F2-40D2-BAF1-D0893914E51F}.Release|x86.ActiveCfg = Release|Win32
		{8795552E-90F2-40D2-BAF1-D0893914E51F}.Release|x86.Build.0 = Release|Win32
	EndGlobalSection
	GlobalSection(SolutionProperties) = preSolution
		HideSolutionNode = FALSE
	EndGlobalSection
	GlobalSection(ExtensibilityGlobals) = postSolution
		SolutionGuid = {3AAF5032-A47F-4AA7-B8FC-12720371D650}
	EndGlobalSection
EndGlobal
